
Microsoft Visual Studio Solution File, Format Version 12.00
# Visual Studio Version 16
VisualStudioVersion = 16.0.31702.278
MinimumVisualStudioVersion = 10.0.40219.1
Project("{FAE04EC0-301F-11D3-BF4B-00C04F79EFBC}") = "PlayingWithTwoPlayers", "PlayingWithTwoPlayers.csproj", "{E6F3847E-68EA-4D09-ACC8-22569443AF88}"
EndProject
Global
	GlobalSection(SolutionConfigurationPlatforms) = preSolution
		Debug|Any CPU = Debug|Any CPU
		Release|Any CPU = Release|Any CPU
	EndGlobalSection
	GlobalSection(ProjectConfigurationPlatforms) = postSolution
		{E6F3847E-68EA-4D09-ACC8-22569443AF88}.Debug|Any CPU.ActiveCfg = Debug|Any CPU
		{E6F3847E-68EA-4D09-ACC8-22569443AF88}.Debug|Any CPU.Build.0 = Debug|Any CPU
		{E6F3847E-68EA-4D09-ACC8-22569443AF88}.Release|Any CPU.ActiveCfg = Release|Any CPU
		{E6F3847E-68EA-4D09-ACC8-22569443AF88}.Release|Any CPU.Build.0 = Release|Any CPU
	EndGlobalSection
	GlobalSection(SolutionProperties) = preSolution
		HideSolutionNode = FALSE
	EndGlobalSection
	GlobalSection(ExtensibilityGlobals) = postSolution
		SolutionGuid = {843C0508-67F8-4F2D-AB05-8824A3B339E1}
	EndGlobalSection
EndGlobal
